
Microsoft Visual Studio Solution File, Format Version 10.00
# Visual Studio 2008
Project("{FAE04EC0-301F-11D3-BF4B-00C04F79EFBC}") = "JZQProduceTest", "logAnalysisTool\JZQProduceTest.csproj", "{86E02389-B698-4D25-82E6-D2BF92FB464B}"
EndProject
Global
	GlobalSection(SolutionConfigurationPlatforms) = preSolution
		Debug|Any CPU = Debug|Any CPU
		Release|Any CPU = Release|Any CPU
	EndGlobalSection
	GlobalSection(ProjectConfigurationPlatforms) = postSolution
		{86E02389-B698-4D25-82E6-D2BF92FB464B}.Debug|Any CPU.ActiveCfg = Debug|Any CPU
		{86E02389-B698-4D25-82E6-D2BF92FB464B}.Debug|Any CPU.Build.0 = Debug|Any CPU
		{86E02389-B698-4D25-82E6-D2BF92FB464B}.Release|Any CPU.ActiveCfg = Release|Any CPU
		{86E02389-B698-4D25-82E6-D2BF92FB464B}.Release|Any CPU.Build.0 = Release|Any CPU
	EndGlobalSection
	GlobalSection(SolutionProperties) = preSolution
		HideSolutionNode = FALSE
	EndGlobalSection
EndGlobal
